
Microsoft Visual Studio Solution File, Format Version 12.00
# Visual Studio Version 16
VisualStudioVersion = 16.0.32002.261
MinimumVisualStudioVersion = 10.0.40219.1
Project("{FAE04EC0-301F-11D3-BF4B-00C04F79EFBC}") = "PrintecExam", "PrintecExam.csproj", "{5A3BCA05-D002-4451-8D9E-C059934FC69B}"
EndProject
Global
	GlobalSection(SolutionConfigurationPlatforms) = preSolution
		Debug|Any CPU = Debug|Any CPU
		Release|Any CPU = Release|Any CPU
	EndGlobalSection
	GlobalSection(ProjectConfigurationPlatforms) = postSolution
		{5A3BCA05-D002-4451-8D9E-C059934FC69B}.Debug|Any CPU.ActiveCfg = Debug|Any CPU
		{5A3BCA05-D002-4451-8D9E-C059934FC69B}.Debug|Any CPU.Build.0 = Debug|Any CPU
		{5A3BCA05-D002-4451-8D9E-C059934FC69B}.Release|Any CPU.ActiveCfg = Release|Any CPU
		{5A3BCA05-D002-4451-8D9E-C059934FC69B}.Release|Any CPU.Build.0 = Release|Any CPU
	EndGlobalSection
	GlobalSection(SolutionProperties) = preSolution
		HideSolutionNode = FALSE
	EndGlobalSection
	GlobalSection(ExtensibilityGlobals) = postSolution
		SolutionGuid = {85B0F441-5922-43EC-A8A7-47349714B92A}
	EndGlobalSection
EndGlobal
